
Microsoft Visual Studio Solution File, Format Version 12.00
# Visual Studio Version 17
VisualStudioVersion = 17.8.34330.188
MinimumVisualStudioVersion = 10.0.40219.1
Project("{FAE04EC0-301F-11D3-BF4B-00C04F79EFBC}") = "MVCDemo_Repository.Models", "MVCDemo_Repository.Models\MVCDemo_Repository.Models.csproj", "{D068295E-B9F1-4822-B0F1-88AD83A32335}"
EndProject
Project("{FAE04EC0-301F-11D3-BF4B-00C04F79EFBC}") = "MVCDemo_Repository.Web", "MVCDemo_Repository.Web\MVCDemo_Repository.Web.csproj", "{07F1F038-5BCF-4CD4-B163-5C339B138BB1}"
EndProject
Global
	GlobalSection(SolutionConfigurationPlatforms) = preSolution
		Debug|Any CPU = Debug|Any CPU
		Release|Any CPU = Release|Any CPU
	EndGlobalSection
	GlobalSection(ProjectConfigurationPlatforms) = postSolution
		{D068295E-B9F1-4822-B0F1-88AD83A32335}.Debug|Any CPU.ActiveCfg = Debug|Any CPU
		{D068295E-B9F1-4822-B0F1-88AD83A32335}.Debug|Any CPU.Build.0 = Debug|Any CPU
		{D068295E-B9F1-4822-B0F1-88AD83A32335}.Release|Any CPU.ActiveCfg = Release|Any CPU
		{D068295E-B9F1-4822-B0F1-88AD83A32335}.Release|Any CPU.Build.0 = Release|Any CPU
		{07F1F038-5BCF-4CD4-B163-5C339B138BB1}.Debug|Any CPU.ActiveCfg = Debug|Any CPU
		{07F1F038-5BCF-4CD4-B163-5C339B138BB1}.Debug|Any CPU.Build.0 = Debug|Any CPU
		{07F1F038-5BCF-4CD4-B163-5C339B138BB1}.Release|Any CPU.ActiveCfg = Release|Any CPU
		{07F1F038-5BCF-4CD4-B163-5C339B138BB1}.Release|Any CPU.Build.0 = Release|Any CPU
	EndGlobalSection
	GlobalSection(SolutionProperties) = preSolution
		HideSolutionNode = FALSE
	EndGlobalSection
	GlobalSection(ExtensibilityGlobals) = postSolution
		SolutionGuid = {518B18FF-4188-49CE-B75B-2DB7FAD2FB02}
	EndGlobalSection
EndGlobal
